
Microsoft Visual Studio Solution File, Format Version 12.00
# Visual Studio Version 16
VisualStudioVersion = 16.0.32630.194
MinimumVisualStudioVersion = 10.0.40219.1
Project("{FAE04EC0-301F-11D3-BF4B-00C04F79EFBC}") = "MercadinhoGrupoDois", "MercadinhoGrupoDois\MercadinhoGrupoDois.csproj", "{534DA57F-10A1-4769-BD0C-C27AEC038EE8}"
EndProject
Global
	GlobalSection(SolutionConfigurationPlatforms) = preSolution
		Debug|Any CPU = Debug|Any CPU
		Release|Any CPU = Release|Any CPU
	EndGlobalSection
	GlobalSection(ProjectConfigurationPlatforms) = postSolution
		{534DA57F-10A1-4769-BD0C-C27AEC038EE8}.Debug|Any CPU.ActiveCfg = Debug|Any CPU
		{534DA57F-10A1-4769-BD0C-C27AEC038EE8}.Debug|Any CPU.Build.0 = Debug|Any CPU
		{534DA57F-10A1-4769-BD0C-C27AEC038EE8}.Release|Any CPU.ActiveCfg = Release|Any CPU
		{534DA57F-10A1-4769-BD0C-C27AEC038EE8}.Release|Any CPU.Build.0 = Release|Any CPU
	EndGlobalSection
	GlobalSection(SolutionProperties) = preSolution
		HideSolutionNode = FALSE
	EndGlobalSection
	GlobalSection(ExtensibilityGlobals) = postSolution
		SolutionGuid = {F6A7992D-9EFC-4E53-A968-6FFA1F442E12}
	EndGlobalSection
EndGlobal
